{
  "object": {
    "pins": [
      {
        "package": "CRNetworkingManager",
        "repositoryURL": "git@github.com:chadarutherford/CRNetworkingManager.git",
        "state": {
          "branch": "master",
          "revision": "ee5b113484d3b1572d9805a13ab26c8ca4257266",
          "version": null
        }
      }
    ]
  },
  "version": 1
}
